
Microsoft Visual Studio Solution File, Format Version 12.00
# Visual Studio Version 17
VisualStudioVersion = 17.0.31903.59
MinimumVisualStudioVersion = 10.0.40219.1
Project("{2150E333-8FDC-42A3-9474-1A3956D46DE8}") = "src", "src", "{15BD4658-6F44-4E9C-901F-B50E367ECBFE}"
EndProject
Project("{FAE04EC0-301F-11D3-BF4B-00C04F79EFBC}") = "SuperMod.Core", "src\SuperMod.Core\SuperMod.Core.csproj", "{0153FDB7-FF0D-4F0A-96D9-AFA2B006992C}"
EndProject
Project("{2150E333-8FDC-42A3-9474-1A3956D46DE8}") = "tests", "tests", "{5CFB7334-2B0E-4B89-B8B6-ABEAE0A2D838}"
EndProject
Project("{FAE04EC0-301F-11D3-BF4B-00C04F79EFBC}") = "SuperMod.Tests", "tests\SuperMod.Tests\SuperMod.Tests.csproj", "{82711B86-F8D6-439B-A0E4-F9EA04459BAD}"
EndProject
Project("{FAE04EC0-301F-11D3-BF4B-00C04F79EFBC}") = "SuperMod.App", "src\SuperMod.App\SuperMod.App.csproj", "{9614B284-97C3-4F2B-83EC-705E436E19DD}"
EndProject
Global
	GlobalSection(SolutionConfigurationPlatforms) = preSolution
		Debug|Any CPU = Debug|Any CPU
		Release|Any CPU = Release|Any CPU
	EndGlobalSection
	GlobalSection(SolutionProperties) = preSolution
		HideSolutionNode = FALSE
	EndGlobalSection
	GlobalSection(ProjectConfigurationPlatforms) = postSolution
		{0153FDB7-FF0D-4F0A-96D9-AFA2B006992C}.Debug|Any CPU.ActiveCfg = Debug|Any CPU
		{0153FDB7-FF0D-4F0A-96D9-AFA2B006992C}.Debug|Any CPU.Build.0 = Debug|Any CPU
		{0153FDB7-FF0D-4F0A-96D9-AFA2B006992C}.Release|Any CPU.ActiveCfg = Release|Any CPU
		{0153FDB7-FF0D-4F0A-96D9-AFA2B006992C}.Release|Any CPU.Build.0 = Release|Any CPU
		{82711B86-F8D6-439B-A0E4-F9EA04459BAD}.Debug|Any CPU.ActiveCfg = Debug|Any CPU
		{82711B86-F8D6-439B-A0E4-F9EA04459BAD}.Debug|Any CPU.Build.0 = Debug|Any CPU
		{82711B86-F8D6-439B-A0E4-F9EA04459BAD}.Release|Any CPU.ActiveCfg = Release|Any CPU
		{82711B86-F8D6-439B-A0E4-F9EA04459BAD}.Release|Any CPU.Build.0 = Release|Any CPU
		{9614B284-97C3-4F2B-83EC-705E436E19DD}.Debug|Any CPU.ActiveCfg = Debug|Any CPU
		{9614B284-97C3-4F2B-83EC-705E436E19DD}.Debug|Any CPU.Build.0 = Debug|Any CPU
		{9614B284-97C3-4F2B-83EC-705E436E19DD}.Release|Any CPU.ActiveCfg = Release|Any CPU
		{9614B284-97C3-4F2B-83EC-705E436E19DD}.Release|Any CPU.Build.0 = Release|Any CPU
	EndGlobalSection
	GlobalSection(NestedProjects) = preSolution
		{0153FDB7-FF0D-4F0A-96D9-AFA2B006992C} = {15BD4658-6F44-4E9C-901F-B50E367ECBFE}
		{82711B86-F8D6-439B-A0E4-F9EA04459BAD} = {5CFB7334-2B0E-4B89-B8B6-ABEAE0A2D838}
		{9614B284-97C3-4F2B-83EC-705E436E19DD} = {15BD4658-6F44-4E9C-901F-B50E367ECBFE}
	EndGlobalSection
EndGlobal
